
Microsoft Visual Studio Solution File, Format Version 12.00
# Visual Studio Version 17
VisualStudioVersion = 17.11.35303.130
MinimumVisualStudioVersion = 10.0.40219.1
Project("{FAE04EC0-301F-11D3-BF4B-00C04F79EFBC}") = "ScrabbleScorer", "ScrabbleScorer.csproj", "{D9E5FEAA-9CB7-476C-AE4B-94C9FA790D12}"
EndProject
Global
	GlobalSection(SolutionConfigurationPlatforms) = preSolution
		Debug|Any CPU = Debug|Any CPU
		Release|Any CPU = Release|Any CPU
	EndGlobalSection
	GlobalSection(ProjectConfigurationPlatforms) = postSolution
		{D9E5FEAA-9CB7-476C-AE4B-94C9FA790D12}.Debug|Any CPU.ActiveCfg = Debug|Any CPU
		{D9E5FEAA-9CB7-476C-AE4B-94C9FA790D12}.Debug|Any CPU.Build.0 = Debug|Any CPU
		{D9E5FEAA-9CB7-476C-AE4B-94C9FA790D12}.Release|Any CPU.ActiveCfg = Release|Any CPU
		{D9E5FEAA-9CB7-476C-AE4B-94C9FA790D12}.Release|Any CPU.Build.0 = Release|Any CPU
	EndGlobalSection
	GlobalSection(SolutionProperties) = preSolution
		HideSolutionNode = FALSE
	EndGlobalSection
	GlobalSection(ExtensibilityGlobals) = postSolution
		SolutionGuid = {92F711EF-4692-4EC4-AA1B-5709C16E2548}
	EndGlobalSection
EndGlobal
